
Microsoft Visual Studio Solution File, Format Version 12.00
# Visual Studio Version 16
VisualStudioVersion = 16.0.31729.503
MinimumVisualStudioVersion = 10.0.40219.1
Project("{9A19103F-16F7-4668-BE54-9A1E7A4F7556}") = "TestChatRServer", "TestChatR\TestChatRServer.csproj", "{A90A44BC-F03D-4AF3-B16D-8C2653481166}"
EndProject
Project("{9A19103F-16F7-4668-BE54-9A1E7A4F7556}") = "DAL", "DAL\DAL.csproj", "{79C5F186-5C4F-4077-865B-2E6B047D027E}"
EndProject
Project("{9A19103F-16F7-4668-BE54-9A1E7A4F7556}") = "BLL", "BLL\BLL.csproj", "{33AEE1F9-21BE-4B44-9721-E97FECB8E706}"
EndProject
Project("{9A19103F-16F7-4668-BE54-9A1E7A4F7556}") = "Contracts", "Contracts\Contracts.csproj", "{33074C51-FA12-478A-A1DC-DDDC21DA554D}"
EndProject
Project("{9A19103F-16F7-4668-BE54-9A1E7A4F7556}") = "DTO", "DTO\DTO.csproj", "{900E05F2-CA93-43E2-8ACA-A9FA9004B235}"
EndProject
Global
	GlobalSection(SolutionConfigurationPlatforms) = preSolution
		Debug|Any CPU = Debug|Any CPU
		Release|Any CPU = Release|Any CPU
	EndGlobalSection
	GlobalSection(ProjectConfigurationPlatforms) = postSolution
		{A90A44BC-F03D-4AF3-B16D-8C2653481166}.Debug|Any CPU.ActiveCfg = Debug|Any CPU
		{A90A44BC-F03D-4AF3-B16D-8C2653481166}.Debug|Any CPU.Build.0 = Debug|Any CPU
		{A90A44BC-F03D-4AF3-B16D-8C2653481166}.Release|Any CPU.ActiveCfg = Release|Any CPU
		{A90A44BC-F03D-4AF3-B16D-8C2653481166}.Release|Any CPU.Build.0 = Release|Any CPU
		{79C5F186-5C4F-4077-865B-2E6B047D027E}.Debug|Any CPU.ActiveCfg = Debug|Any CPU
		{79C5F186-5C4F-4077-865B-2E6B047D027E}.Debug|Any CPU.Build.0 = Debug|Any CPU
		{79C5F186-5C4F-4077-865B-2E6B047D027E}.Release|Any CPU.ActiveCfg = Release|Any CPU
		{79C5F186-5C4F-4077-865B-2E6B047D027E}.Release|Any CPU.Build.0 = Release|Any CPU
		{33AEE1F9-21BE-4B44-9721-E97FECB8E706}.Debug|Any CPU.ActiveCfg = Debug|Any CPU
		{33AEE1F9-21BE-4B44-9721-E97FECB8E706}.Debug|Any CPU.Build.0 = Debug|Any CPU
		{33AEE1F9-21BE-4B44-9721-E97FECB8E706}.Release|Any CPU.ActiveCfg = Release|Any CPU
		{33AEE1F9-21BE-4B44-9721-E97FECB8E706}.Release|Any CPU.Build.0 = Release|Any CPU
		{33074C51-FA12-478A-A1DC-DDDC21DA554D}.Debug|Any CPU.ActiveCfg = Debug|Any CPU
		{33074C51-FA12-478A-A1DC-DDDC21DA554D}.Debug|Any CPU.Build.0 = Debug|Any CPU
		{33074C51-FA12-478A-A1DC-DDDC21DA554D}.Release|Any CPU.ActiveCfg = Release|Any CPU
		{33074C51-FA12-478A-A1DC-DDDC21DA554D}.Release|Any CPU.Build.0 = Release|Any CPU
		{900E05F2-CA93-43E2-8ACA-A9FA9004B235}.Debug|Any CPU.ActiveCfg = Debug|Any CPU
		{900E05F2-CA93-43E2-8ACA-A9FA9004B235}.Debug|Any CPU.Build.0 = Debug|Any CPU
		{900E05F2-CA93-43E2-8ACA-A9FA9004B235}.Release|Any CPU.ActiveCfg = Release|Any CPU
		{900E05F2-CA93-43E2-8ACA-A9FA9004B235}.Release|Any CPU.Build.0 = Release|Any CPU
	EndGlobalSection
	GlobalSection(SolutionProperties) = preSolution
		HideSolutionNode = FALSE
	EndGlobalSection
	GlobalSection(ExtensibilityGlobals) = postSolution
		SolutionGuid = {AF795A65-54EB-47EB-9C28-9D588DC84FF6}
	EndGlobalSection
EndGlobal
